{
  "name": "project-auth-parent",
  "version": "1.0.0",
  "lockfileVersion": 1,
  "requires": true,
  "dependencies": {
    "@babel/compat-data": {
      "version": "7.16.4",
      "resolved": "https://registry.npmjs.org/@babel/compat-data/-/compat-data-7.16.4.tgz",
      "integrity": "sha512-1o/jo7D+kC9ZjHX5v+EHrdjl3PhxMrLSOTGsOdHJ+KL8HCaEK6ehrVL2RS6oHDZp+L7xLirLrPmQtEng769J/Q==",
      "dev": true
    },
    "@babel/helper-compilation-targets": {
      "version": "7.16.7",
      "resolved": "https://registry.npmjs.org/@babel/helper-compilation-targets/-/helper-compilation-targets-7.16.7.tgz",
      "integrity": "sha512-mGojBwIWcwGD6rfqgRXVlVYmPAv7eOpIemUG3dGnDdCY4Pae70ROij3XmfrH6Fa1h1aiDylpglbZyktfzyo/hA==",
      "dev": true,
      "requires": {
        "@babel/compat-data": "^7.16.4",
        "@babel/helper-validator-option": "^7.16.7",
        "browserslist": "^4.17.5",
        "semver": "^6.3.0"
      }
    },
    "@babel/helper-validator-option": {
      "version": "7.16.7",
      "resolved": "https://registry.npmjs.org/@babel/helper-validator-option/-/helper-validator-option-7.16.7.tgz",
      "integrity": "sha512-TRtenOuRUVo9oIQGPC5G9DgK4743cdxvtOw0weQNpZXaS16SCBi5MNjZF8vba3ETURjZpTbVn7Vvcf2eAwFozQ==",
      "dev": true
    },
    "browserslist": {
      "version": "4.19.1",
      "resolved": "https://registry.npmjs.org/browserslist/-/browserslist-4.19.1.tgz",
      "integrity": "sha512-u2tbbG5PdKRTUoctO3NBD8FQ5HdPh1ZXPHzp1rwaa5jTc+RV9/+RlWiAIKmjRPQF+xbGM9Kklj5bZQFa2s/38A==",
      "dev": true,
      "requires": {
        "caniuse-lite": "^1.0.30001286",
        "electron-to-chromium": "^1.4.17",
        "escalade": "^3.1.1",
        "node-releases": "^2.0.1",
        "picocolors": "^1.0.0"
      }
    },
    "caniuse-lite": {
      "version": "1.0.30001298",
      "resolved": "https://registry.npmjs.org/caniuse-lite/-/caniuse-lite-1.0.30001298.tgz",
      "integrity": "sha512-AcKqikjMLlvghZL/vfTHorlQsLDhGRalYf1+GmWCf5SCMziSGjRYQW/JEksj14NaYHIR6KIhrFAy0HV5C25UzQ==",
      "dev": true
    },
    "electron-to-chromium": {
      "version": "1.4.38",
      "resolved": "https://registry.npmjs.org/electron-to-chromium/-/electron-to-chromium-1.4.38.tgz",
      "integrity": "sha512-WhHt3sZazKj0KK/UpgsbGQnUUoFeAHVishzHFExMxagpZgjiGYSC9S0ZlbhCfSH2L2i+2A1yyqOIliTctMx7KQ==",
      "dev": true
    },
    "escalade": {
      "version": "3.1.1",
      "resolved": "https://registry.npmjs.org/escalade/-/escalade-3.1.1.tgz",
      "integrity": "sha512-k0er2gUkLf8O0zKJiAhmkTnJlTvINGv7ygDNPbeIsX/TJjGJZHuh9B2UxbsaEkmlEo9MfhrSzmhIlhRlI2GXnw==",
      "dev": true
    },
    "node-releases": {
      "version": "2.0.1",
      "resolved": "https://registry.npmjs.org/node-releases/-/node-releases-2.0.1.tgz",
      "integrity": "sha512-CqyzN6z7Q6aMeF/ktcMVTzhAHCEpf8SOarwpzpf8pNBY2k5/oM34UHldUwp8VKI7uxct2HxSRdJjBaZeESzcxA==",
      "dev": true
    },
    "picocolors": {
      "version": "1.0.0",
      "resolved": "https://registry.npmjs.org/picocolors/-/picocolors-1.0.0.tgz",
      "integrity": "sha512-1fygroTLlHu66zi26VoTDv8yRgm0Fccecssto+MhsZ0D/DGW2sm8E8AjW7NU5VVTRt5GxbeZ5qBuJr+HyLYkjQ==",
      "dev": true
    },
    "semver": {
      "version": "6.3.0",
      "resolved": "https://registry.npmjs.org/semver/-/semver-6.3.0.tgz",
      "integrity": "sha512-b39TBaTSfV6yBrapU89p5fKekE2m/NwnDocOVruQFS1/veMgdzuPcnOM34M6CwxW8jH/lxEa5rBoDeUwu5HHTw==",
      "dev": true
    }
  }
}
